// !$*UTF8*$!
{
	archiveVersion = 1;
	classes = {
	};
	objectVersion = 55;
	objects = {

/* Begin PBXBuildFile section */
		3CAD88062F26A7DFFE7F2CF4 /* Pods_TestCICD.framework in Frameworks */ = {isa = PBXBuildFile; fileRef = 2C7E2A9AC8C4AF54C5ABDC4B /* Pods_TestCICD.framework */; };
		D0F1998F278320E80015EB8D /* AppDelegate.swift in Sources */ = {isa = PBXBuildFile; fileRef = D0F1998E278320E80015EB8D /* AppDelegate.swift */; };
		D0F19991278320E80015EB8D /* SceneDelegate.swift in Sources */ = {isa = PBXBuildFile; fileRef = D0F19990278320E80015EB8D /* SceneDelegate.swift */; };
		D0F19993278320E80015EB8D /* ViewController.swift in Sources */ = {isa = PBXBuildFile; fileRef = D0F19992278320E80015EB8D /* ViewController.swift */; };
		D0F19996278320E80015EB8D /* Main.storyboard in Resources */ = {isa = PBXBuildFile; fileRef = D0F19994278320E80015EB8D /* Main.storyboard */; };
		D0F19999278320E80015EB8D /* TestCICD.xcdatamodeld in Sources */ = {isa = PBXBuildFile; fileRef = D0F19997278320E80015EB8D /* TestCICD.xcdatamodeld */; };
		D0F1999B278320EB0015EB8D /* Assets.xcassets in Resources */ = {isa = PBXBuildFile; fileRef = D0F1999A278320EB0015EB8D /* Assets.xcassets */; };
		D0F1999E278320EB0015EB8D /* LaunchScreen.storyboard in Resources */ = {isa = PBXBuildFile; fileRef = D0F1999C278320EB0015EB8D /* LaunchScreen.storyboard */; };
/* End PBXBuildFile section */

/* Begin PBXFileReference section */
		2C7E2A9AC8C4AF54C5ABDC4B /* Pods_TestCICD.framework */ = {isa = PBXFileReference; explicitFileType = wrapper.framework; includeInIndex = 0; path = Pods_TestCICD.framework; sourceTree = BUILT_PRODUCTS_DIR; };
		6DBBC26A75D8A82F3E8AA755 /* Pods-TestCICD.release.xcconfig */ = {isa = PBXFileReference; includeInIndex = 1; lastKnownFileType = text.xcconfig; name = "Pods-TestCICD.release.xcconfig"; path = "Target Support Files/Pods-TestCICD/Pods-TestCICD.release.xcconfig"; sourceTree = "<group>"; };
		D0F1998B278320E80015EB8D /* TestCICD.app */ = {isa = PBXFileReference; explicitFileType = wrapper.application; includeInIndex = 0; path = TestCICD.app; sourceTree = BUILT_PRODUCTS_DIR; };
		D0F1998E278320E80015EB8D /* AppDelegate.swift */ = {isa = PBXFileReference; lastKnownFileType = sourcecode.swift; path = AppDelegate.swift; sourceTree = "<group>"; };
		D0F19990278320E80015EB8D /* SceneDelegate.swift */ = {isa = PBXFileReference; lastKnownFileType = sourcecode.swift; path = SceneDelegate.swift; sourceTree = "<group>"; };
		D0F19992278320E80015EB8D /* ViewController.swift */ = {isa = PBXFileReference; lastKnownFileType = sourcecode.swift; path = ViewController.swift; sourceTree = "<group>"; };
		D0F19995278320E80015EB8D /* Base */ = {isa = PBXFileReference; lastKnownFileType = file.storyboard; name = Base; path = Base.lproj/Main.storyboard; sourceTree = "<group>"; };
		D0F19998278320E80015EB8D /* TestCICD.xcdatamodel */ = {isa = PBXFileReference; lastKnownFileType = wrapper.xcdatamodel; path = TestCICD.xcdatamodel; sourceTree = "<group>"; };
		D0F1999A278320EB0015EB8D /* Assets.xcassets */ = {isa = PBXFileReference; lastKnownFileType = folder.assetcatalog; path = Assets.xcassets; sourceTree = "<group>"; };
		D0F1999D278320EB0015EB8D /* Base */ = {isa = PBXFileReference; lastKnownFileType = file.storyboard; name = Base; path = Base.lproj/LaunchScreen.storyboard; sourceTree = "<group>"; };
		D0F1999F278320EB0015EB8D /* Info.plist */ = {isa = PBXFileReference; lastKnownFileType = text.plist.xml; path = Info.plist; sourceTree = "<group>"; };
		D15DFCC70E8DA562AE9210A1 /* Pods-TestCICD.debug.xcconfig */ = {isa = PBXFileReference; includeInIndex = 1; lastKnownFileType = text.xcconfig; name = "Pods-TestCICD.debug.xcconfig"; path = "Target Support Files/Pods-TestCICD/Pods-TestCICD.debug.xcconfig"; sourceTree = "<group>"; };
/* End PBXFileReference section */

/* Begin PBXFrameworksBuildPhase section */
		D0F19988278320E80015EB8D /* Frameworks */ = {
			isa = PBXFrameworksBuildPhase;
			buildActionMask = 2147483647;
			files = (
				3CAD88062F26A7DFFE7F2CF4 /* Pods_TestCICD.framework in Frameworks */,
			);
			runOnlyForDeploymentPostprocessing = 0;
		};
/* End PBXFrameworksBuildPhase section */

/* Begin PBXGroup section */
		84A9832837FBA180623DAB5C /* Pods */ = {
			isa = PBXGroup;
			children = (
				D15DFCC70E8DA562AE9210A1 /* Pods-TestCICD.debug.xcconfig */,
				6DBBC26A75D8A82F3E8AA755 /* Pods-TestCICD.release.xcconfig */,
			);
			name = Pods;
			path = Pods;
			sourceTree = "<group>";
		};
		8E7EC99E2C1296CF0708DB64 /* Frameworks */ = {
			isa = PBXGroup;
			children = (
				2C7E2A9AC8C4AF54C5ABDC4B /* Pods_TestCICD.framework */,
			);
			name = Frameworks;
			sourceTree = "<group>";
		};
		D0F19982278320E80015EB8D = {
			isa = PBXGroup;
			children = (
				D0F1998D278320E80015EB8D /* TestCICD */,
				D0F1998C278320E80015EB8D /* Products */,
				84A9832837FBA180623DAB5C /* Pods */,
				8E7EC99E2C1296CF0708DB64 /* Frameworks */,
			);
			sourceTree = "<group>";
		};
		D0F1998C278320E80015EB8D /* Products */ = {
			isa = PBXGroup;
			children = (
				D0F1998B278320E80015EB8D /* TestCICD.app */,
			);
			name = Products;
			sourceTree = "<group>";
		};
		D0F1998D278320E80015EB8D /* TestCICD */ = {
			isa = PBXGroup;
			children = (
				D0F1998E278320E80015EB8D /* AppDelegate.swift */,
				D0F19990278320E80015EB8D /* SceneDelegate.swift */,
				D0F19992278320E80015EB8D /* ViewController.swift */,
				D0F19994278320E80015EB8D /* Main.storyboard */,
				D0F1999A278320EB0015EB8D /* Assets.xcassets */,
				D0F1999C278320EB0015EB8D /* LaunchScreen.storyboard */,
				D0F1999F278320EB0015EB8D /* Info.plist */,
				D0F19997278320E80015EB8D /* TestCICD.xcdatamodeld */,
			);
			path = TestCICD;
			sourceTree = "<group>";
		};
/* End PBXGroup section */

/* Begin PBXNativeTarget section */
		D0F1998A278320E80015EB8D /* TestCICD */ = {
			isa = PBXNativeTarget;
			buildConfigurationList = D0F199A2278320EB0015EB8D /* Build configuration list for PBXNativeTarget "TestCICD" */;
			buildPhases = (
				544BBDDD5FDC4CC70EA0BB4E /* [CP] Check Pods Manifest.lock */,
				D0F19987278320E80015EB8D /* Sources */,
				D0F19988278320E80015EB8D /* Frameworks */,
				D0F19989278320E80015EB8D /* Resources */,
				F5ABC6B021A180C482A1D530 /* [CP] Embed Pods Frameworks */,
			);
			buildRules = (
			);
			dependencies = (
			);
			name = TestCICD;
			productName = TestCICD;
			productReference = D0F1998B278320E80015EB8D /* TestCICD.app */;
			productType = "com.apple.product-type.application";
		};
/* End PBXNativeTarget section */

/* Begin PBXProject section */
		D0F19983278320E80015EB8D /* Project object */ = {
			isa = PBXProject;
			attributes = {
				BuildIndependentTargetsInParallel = 1;
				LastSwiftUpdateCheck = 1300;
				LastUpgradeCheck = 1300;
				TargetAttributes = {
					D0F1998A278320E80015EB8D = {
						CreatedOnToolsVersion = 13.0;
					};
				};
			};
			buildConfigurationList = D0F19986278320E80015EB8D /* Build configuration list for PBXProject "TestCICD" */;
			compatibilityVersion = "Xcode 13.0";
			developmentRegion = en;
			hasScannedForEncodings = 0;
			knownRegions = (
				en,
				Base,
			);
			mainGroup = D0F19982278320E80015EB8D;
			productRefGroup = D0F1998C278320E80015EB8D /* Products */;
			projectDirPath = "";
			projectRoot = "";
			targets = (
				D0F1998A278320E80015EB8D /* TestCICD */,
			);
		};
/* End PBXProject section */

/* Begin PBXResourcesBuildPhase section */
		D0F19989278320E80015EB8D /* Resources */ = {
			isa = PBXResourcesBuildPhase;
			buildActionMask = 2147483647;
			files = (
				D0F1999E278320EB0015EB8D /* LaunchScreen.storyboard in Resources */,
				D0F1999B278320EB0015EB8D /* Assets.xcassets in Resources */,
				D0F19996278320E80015EB8D /* Main.storyboard in Resources */,
			);
			runOnlyForDeploymentPostprocessing = 0;
		};
/* End PBXResourcesBuildPhase section */

/* Begin PBXShellScriptBuildPhase section */
		544BBDDD5FDC4CC70EA0BB4E /* [CP] Check Pods Manifest.lock */ = {
			isa = PBXShellScriptBuildPhase;
			buildActionMask = 2147483647;
			files = (
			);
			inputFileListPaths = (
			);
			inputPaths = (
				"${PODS_PODFILE_DIR_PATH}/Podfile.lock",
				"${PODS_ROOT}/Manifest.lock",
			);
			name = "[CP] Check Pods Manifest.lock";
			outputFileListPaths = (
			);
			outputPaths = (
				"$(DERIVED_FILE_DIR)/Pods-TestCICD-checkManifestLockResult.txt",
			);
			runOnlyForDeploymentPostprocessing = 0;
			shellPath = /bin/sh;
			shellScript = "diff \"${PODS_PODFILE_DIR_PATH}/Podfile.lock\" \"${PODS_ROOT}/Manifest.lock\" > /dev/null\nif [ $? != 0 ] ; then\n    # print error to STDERR\n    echo \"error: The sandbox is not in sync with the Podfile.lock. Run 'pod install' or update your CocoaPods installation.\" >&2\n    exit 1\nfi\n# This output is used by Xcode 'outputs' to avoid re-running this script phase.\necho \"SUCCESS\" > \"${SCRIPT_OUTPUT_FILE_0}\"\n";
			showEnvVarsInLog = 0;
		};
		F5ABC6B021A180C482A1D530 /* [CP] Embed Pods Frameworks */ = {
			isa = PBXShellScriptBuildPhase;
			buildActionMask = 2147483647;
			files = (
			);
			inputFileListPaths = (
				"${PODS_ROOT}/Target Support Files/Pods-TestCICD/Pods-TestCICD-frameworks-${CONFIGURATION}-input-files.xcfilelist",
			);
			name = "[CP] Embed Pods Frameworks";
			outputFileListPaths = (
				"${PODS_ROOT}/Target Support Files/Pods-TestCICD/Pods-TestCICD-frameworks-${CONFIGURATION}-output-files.xcfilelist",
			);
			runOnlyForDeploymentPostprocessing = 0;
			shellPath = /bin/sh;
			shellScript = "\"${PODS_ROOT}/Target Support Files/Pods-TestCICD/Pods-TestCICD-frameworks.sh\"\n";
			showEnvVarsInLog = 0;
		};
/* End PBXShellScriptBuildPhase section */

/* Begin PBXSourcesBuildPhase section */
		D0F19987278320E80015EB8D /* Sources */ = {
			isa = PBXSourcesBuildPhase;
			buildActionMask = 2147483647;
			files = (
				D0F19999278320E80015EB8D /* TestCICD.xcdatamodeld in Sources */,
				D0F19993278320E80015EB8D /* ViewController.swift in Sources */,
				D0F1998F278320E80015EB8D /* AppDelegate.swift in Sources */,
				D0F19991278320E80015EB8D /* SceneDelegate.swift in Sources */,
			);
			runOnlyForDeploymentPostprocessing = 0;
		};
/* End PBXSourcesBuildPhase section */

/* Begin PBXVariantGroup section */
		D0F19994278320E80015EB8D /* Main.storyboard */ = {
			isa = PBXVariantGroup;
			children = (
				D0F19995278320E80015EB8D /* Base */,
			);
			name = Main.storyboard;
			sourceTree = "<group>";
		};
		D0F1999C278320EB0015EB8D /* LaunchScreen.storyboard */ = {
			isa = PBXVariantGroup;
			children = (
				D0F1999D278320EB0015EB8D /* Base */,
			);
			name = LaunchScreen.storyboard;
			sourceTree = "<group>";
		};
/* End PBXVariantGroup section */

/* Begin XCBuildConfiguration section */
		D0F199A0278320EB0015EB8D /* Debug */ = {
			isa = XCBuildConfiguration;
			buildSettings = {
				ALWAYS_SEARCH_USER_PATHS = NO;
				CLANG_ANALYZER_NONNULL = YES;
				CLANG_ANALYZER_NUMBER_OBJECT_CONVERSION = YES_AGGRESSIVE;
				CLANG_CXX_LANGUAGE_STANDARD = "gnu++17";
				CLANG_CXX_LIBRARY = "libc++";
				CLANG_ENABLE_MODULES = YES;
				CLANG_ENABLE_OBJC_ARC = YES;
				CLANG_ENABLE_OBJC_WEAK = YES;
				CLANG_WARN_BLOCK_CAPTURE_AUTORELEASING = YES;
				CLANG_WARN_BOOL_CONVERSION = YES;
				CLANG_WARN_COMMA = YES;
				CLANG_WARN_CONSTANT_CONVERSION = YES;
				CLANG_WARN_DEPRECATED_OBJC_IMPLEMENTATIONS = YES;
				CLANG_WARN_DIRECT_OBJC_ISA_USAGE = YES_ERROR;
				CLANG_WARN_DOCUMENTATION_COMMENTS = YES;
				CLANG_WARN_EMPTY_BODY = YES;
				CLANG_WARN_ENUM_CONVERSION = YES;
				CLANG_WARN_INFINITE_RECURSION = YES;
				CLANG_WARN_INT_CONVERSION = YES;
				CLANG_WARN_NON_LITERAL_NULL_CONVERSION = YES;
				CLANG_WARN_OBJC_IMPLICIT_RETAIN_SELF = YES;
				CLANG_WARN_OBJC_LITERAL_CONVERSION = YES;
				CLANG_WARN_OBJC_ROOT_CLASS = YES_ERROR;
				CLANG_WARN_QUOTED_INCLUDE_IN_FRAMEWORK_HEADER = YES;
				CLANG_WARN_RANGE_LOOP_ANALYSIS = YES;
				CLANG_WARN_STRICT_PROTOTYPES = YES;
				CLANG_WARN_SUSPICIOUS_MOVE = YES;
				CLANG_WARN_UNGUARDED_AVAILABILITY = YES_AGGRESSIVE;
				CLANG_WARN_UNREACHABLE_CODE = YES;
				CLANG_WARN__DUPLICATE_METHOD_MATCH = YES;
				COPY_PHASE_STRIP = NO;
				DEBUG_INFORMATION_FORMAT = dwarf;
				ENABLE_STRICT_OBJC_MSGSEND = YES;
				ENABLE_TESTABILITY = YES;
				GCC_C_LANGUAGE_STANDARD = gnu11;
				GCC_DYNAMIC_NO_PIC = NO;
				GCC_NO_COMMON_BLOCKS = YES;
				GCC_OPTIMIZATION_LEVEL = 0;
				GCC_PREPROCESSOR_DEFINITIONS = (
					"DEBUG=1",
					"$(inherited)",
				);
				GCC_WARN_64_TO_32_BIT_CONVERSION = YES;
				GCC_WARN_ABOUT_RETURN_TYPE = YES_ERROR;
				GCC_WARN_UNDECLARED_SELECTOR = YES;
				GCC_WARN_UNINITIALIZED_AUTOS = YES_AGGRESSIVE;
				GCC_WARN_UNUSED_FUNCTION = YES;
				GCC_WARN_UNUSED_VARIABLE = YES;
				IPHONEOS_DEPLOYMENT_TARGET = 15.0;
				MTL_ENABLE_DEBUG_INFO = INCLUDE_SOURCE;
				MTL_FAST_MATH = YES;
				ONLY_ACTIVE_ARCH = YES;
				SDKROOT = iphoneos;
				SWIFT_ACTIVE_COMPILATION_CONDITIONS = DEBUG;
				SWIFT_OPTIMIZATION_LEVEL = "-Onone";
			};
			name = Debug;
		};
		D0F199A1278320EB0015EB8D /* Release */ = {
			isa = XCBuildConfiguration;
			buildSettings = {
				ALWAYS_SEARCH_USER_PATHS = NO;
				CLANG_ANALYZER_NONNULL = YES;
				CLANG_ANALYZER_NUMBER_OBJECT_CONVERSION = YES_AGGRESSIVE;
				CLANG_CXX_LANGUAGE_STANDARD = "gnu++17";
				CLANG_CXX_LIBRARY = "libc++";
				CLANG_ENABLE_MODULES = YES;
				CLANG_ENABLE_OBJC_ARC = YES;
				CLANG_ENABLE_OBJC_WEAK = YES;
				CLANG_WARN_BLOCK_CAPTURE_AUTORELEASING = YES;
				CLANG_WARN_BOOL_CONVERSION = YES;
				CLANG_WARN_COMMA = YES;
				CLANG_WARN_CONSTANT_CONVERSION = YES;
				CLANG_WARN_DEPRECATED_OBJC_IMPLEMENTATIONS = YES;
				CLANG_WARN_DIRECT_OBJC_ISA_USAGE = YES_ERROR;
				CLANG_WARN_DOCUMENTATION_COMMENTS = YES;
				CLANG_WARN_EMPTY_BODY = YES;
				CLANG_WARN_ENUM_CONVERSION = YES;
				CLANG_WARN_INFINITE_RECURSION = YES;
				CLANG_WARN_INT_CONVERSION = YES;
				CLANG_WARN_NON_LITERAL_NULL_CONVERSION = YES;
				CLANG_WARN_OBJC_IMPLICIT_RETAIN_SELF = YES;
				CLANG_WARN_OBJC_LITERAL_CONVERSION = YES;
				CLANG_WARN_OBJC_ROOT_CLASS = YES_ERROR;
				CLANG_WARN_QUOTED_INCLUDE_IN_FRAMEWORK_HEADER = YES;
				CLANG_WARN_RANGE_LOOP_ANALYSIS = YES;
				CLANG_WARN_STRICT_PROTOTYPES = YES;
				CLANG_WARN_SUSPICIOUS_MOVE = YES;
				CLANG_WARN_UNGUARDED_AVAILABILITY = YES_AGGRESSIVE;
				CLANG_WARN_UNREACHABLE_CODE = YES;
				CLANG_WARN__DUPLICATE_METHOD_MATCH = YES;
				COPY_PHASE_STRIP = NO;
				DEBUG_INFORMATION_FORMAT = "dwarf-with-dsym";
				ENABLE_NS_ASSERTIONS = NO;
				ENABLE_STRICT_OBJC_MSGSEND = YES;
				GCC_C_LANGUAGE_STANDARD = gnu11;
				GCC_NO_COMMON_BLOCKS = YES;
				GCC_WARN_64_TO_32_BIT_CONVERSION = YES;
				GCC_WARN_ABOUT_RETURN_TYPE = YES_ERROR;
				GCC_WARN_UNDECLARED_SELECTOR = YES;
				GCC_WARN_UNINITIALIZED_AUTOS = YES_AGGRESSIVE;
				GCC_WARN_UNUSED_FUNCTION = YES;
				GCC_WARN_UNUSED_VARIABLE = YES;
				IPHONEOS_DEPLOYMENT_TARGET = 15.0;
				MTL_ENABLE_DEBUG_INFO = NO;
				MTL_FAST_MATH = YES;
				SDKROOT = iphoneos;
				SWIFT_COMPILATION_MODE = wholemodule;
				SWIFT_OPTIMIZATION_LEVEL = "-O";
				VALIDATE_PRODUCT = YES;
			};
			name = Release;
		};
		D0F199A3278320EB0015EB8D /* Debug */ = {
			isa = XCBuildConfiguration;
			baseConfigurationReference = D15DFCC70E8DA562AE9210A1 /* Pods-TestCICD.debug.xcconfig */;
			buildSettings = {
				ASSETCATALOG_COMPILER_APPICON_NAME = AppIcon;
				ASSETCATALOG_COMPILER_GLOBAL_ACCENT_COLOR_NAME = AccentColor;
				CODE_SIGN_STYLE = Automatic;
				CURRENT_PROJECT_VERSION = 1;
				GENERATE_INFOPLIST_FILE = YES;
				INFOPLIST_FILE = TestCICD/Info.plist;
				INFOPLIST_KEY_UIApplicationSupportsIndirectInputEvents = YES;
				INFOPLIST_KEY_UILaunchStoryboardName = LaunchScreen;
				INFOPLIST_KEY_UIMainStoryboardFile = Main;
				INFOPLIST_KEY_UISupportedInterfaceOrientations_iPad = "UIInterfaceOrientationPortrait UIInterfaceOrientationPortraitUpsideDown UIInterfaceOrientationLandscapeLeft UIInterfaceOrientationLandscapeRight";
				INFOPLIST_KEY_UISupportedInterfaceOrientations_iPhone = "UIInterfaceOrientationPortrait UIInterfaceOrientationLandscapeLeft UIInterfaceOrientationLandscapeRight";
				LD_RUNPATH_SEARCH_PATHS = (
					"$(inherited)",
					"@executable_path/Frameworks",
				);
				MARKETING_VERSION = 1.0;
				PRODUCT_BUNDLE_IDENTIFIER = com.shadab.TestCICD;
				PRODUCT_NAME = "$(TARGET_NAME)";
				SWIFT_EMIT_LOC_STRINGS = YES;
				SWIFT_VERSION = 5.0;
				TARGETED_DEVICE_FAMILY = "1,2";
			};
			name = Debug;
		};
		D0F199A4278320EB0015EB8D /* Release */ = {
			isa = XCBuildConfiguration;
			baseConfigurationReference = 6DBBC26A75D8A82F3E8AA755 /* Pods-TestCICD.release.xcconfig */;
			buildSettings = {
				ASSETCATALOG_COMPILER_APPICON_NAME = AppIcon;
				ASSETCATALOG_COMPILER_GLOBAL_ACCENT_COLOR_NAME = AccentColor;
				CODE_SIGN_STYLE = Automatic;
				CURRENT_PROJECT_VERSION = 1;
				GENERATE_INFOPLIST_FILE = YES;
				INFOPLIST_FILE = TestCICD/Info.plist;
				INFOPLIST_KEY_UIApplicationSupportsIndirectInputEvents = YES;
				INFOPLIST_KEY_UILaunchStoryboardName = LaunchScreen;
				INFOPLIST_KEY_UIMainStoryboardFile = Main;
				INFOPLIST_KEY_UISupportedInterfaceOrientations_iPad = "UIInterfaceOrientationPortrait UIInterfaceOrientationPortraitUpsideDown UIInterfaceOrientationLandscapeLeft UIInterfaceOrientationLandscapeRight";
				INFOPLIST_KEY_UISupportedInterfaceOrientations_iPhone = "UIInterfaceOrientationPortrait UIInterfaceOrientationLandscapeLeft UIInterfaceOrientationLandscapeRight";
				LD_RUNPATH_SEARCH_PATHS = (
					"$(inherited)",
					"@executable_path/Frameworks",
				);
				MARKETING_VERSION = 1.0;
				PRODUCT_BUNDLE_IDENTIFIER = com.shadab.TestCICD;
				PRODUCT_NAME = "$(TARGET_NAME)";
				SWIFT_EMIT_LOC_STRINGS = YES;
				SWIFT_VERSION = 5.0;
				TARGETED_DEVICE_FAMILY = "1,2";
			};
			name = Release;
		};
/* End XCBuildConfiguration section */

/* Begin XCConfigurationList section */
		D0F19986278320E80015EB8D /* Build configuration list for PBXProject "TestCICD" */ = {
			isa = XCConfigurationList;
			buildConfigurations = (
				D0F199A0278320EB0015EB8D /* Debug */,
				D0F199A1278320EB0015EB8D /* Release */,
			);
			defaultConfigurationIsVisible = 0;
			defaultConfigurationName = Release;
		};
		D0F199A2278320EB0015EB8D /* Build configuration list for PBXNativeTarget "TestCICD" */ = {
			isa = XCConfigurationList;
			buildConfigurations = (
				D0F199A3278320EB0015EB8D /* Debug */,
				D0F199A4278320EB0015EB8D /* Release */,
			);
			defaultConfigurationIsVisible = 0;
			defaultConfigurationName = Release;
		};
/* End XCConfigurationList section */

/* Begin XCVersionGroup section */
		D0F19997278320E80015EB8D /* TestCICD.xcdatamodeld */ = {
			isa = XCVersionGroup;
			children = (
				D0F19998278320E80015EB8D /* TestCICD.xcdatamodel */,
			);
			currentVersion = D0F19998278320E80015EB8D /* TestCICD.xcdatamodel */;
			path = TestCICD.xcdatamodeld;
			sourceTree = "<group>";
			versionGroupType = wrapper.xcdatamodel;
		};
/* End XCVersionGroup section */
	};
	rootObject = D0F19983278320E80015EB8D /* Project object */;
}
